
Microsoft Visual Studio Solution File, Format Version 12.00
# Visual Studio 15
VisualStudioVersion = 15.0.28307.1831
MinimumVisualStudioVersion = 10.0.40219.1
Project("{FAE04EC0-301F-11D3-BF4B-00C04F79EFBC}") = "caculatorConsole", "caculatorConsole\caculatorConsole.csproj", "{23669F90-1F73-45F2-BDFA-F2C96C3A8894}"
EndProject
Global
	GlobalSection(SolutionConfigurationPlatforms) = preSolution
		Debug|Any CPU = Debug|Any CPU
		Release|Any CPU = Release|Any CPU
	EndGlobalSection
	GlobalSection(ProjectConfigurationPlatforms) = postSolution
		{23669F90-1F73-45F2-BDFA-F2C96C3A8894}.Debug|Any CPU.ActiveCfg = Debug|Any CPU
		{23669F90-1F73-45F2-BDFA-F2C96C3A8894}.Debug|Any CPU.Build.0 = Debug|Any CPU
		{23669F90-1F73-45F2-BDFA-F2C96C3A8894}.Release|Any CPU.ActiveCfg = Release|Any CPU
		{23669F90-1F73-45F2-BDFA-F2C96C3A8894}.Release|Any CPU.Build.0 = Release|Any CPU
	EndGlobalSection
	GlobalSection(SolutionProperties) = preSolution
		HideSolutionNode = FALSE
	EndGlobalSection
	GlobalSection(ExtensibilityGlobals) = postSolution
		SolutionGuid = {B4633B78-5E09-4025-A173-5F111EDD95B3}
	EndGlobalSection
EndGlobal
